
Microsoft Visual Studio Solution File, Format Version 12.00
# Visual Studio Version 17
VisualStudioVersion = 17.3.32611.2
MinimumVisualStudioVersion = 10.0.40219.1
Project("{2150E333-8FDC-42A3-9474-1A3956D46DE8}") = "host", "host", "{CA9AC87F-097E-4F15-8393-4BC07735A5B0}"
EndProject
Project("{2150E333-8FDC-42A3-9474-1A3956D46DE8}") = "test", "test", "{04DBDB01-70F4-4E06-B468-8F87850B22BE}"
EndProject
Project("{2150E333-8FDC-42A3-9474-1A3956D46DE8}") = "src", "src", "{02EA681E-C7D8-13C7-8484-4AC65E1B71E8}"
EndProject
Project("{2150E333-8FDC-42A3-9474-1A3956D46DE8}") = "plugins", "plugins", "{588BDD3C-38CE-418E-8322-A88C5727A71A}"
EndProject
Project("{FAE04EC0-301F-11D3-BF4B-00C04F79EFBC}") = "Wafi.SmartHR.AI.Plugin", "plugins\wafi.smarthr.ai.plugin\Wafi.SmartHR.AI.Plugin\Wafi.SmartHR.AI.Plugin.csproj", "{CBB9FC65-F49A-786D-A1C4-60B3DA56DF62}"
EndProject
Project("{FAE04EC0-301F-11D3-BF4B-00C04F79EFBC}") = "Wafi.SmartHR.Application", "host\Wafi.SmartHR.Application\Wafi.SmartHR.Application.csproj", "{C16593C7-EDD9-40ED-0F95-F01F30572874}"
EndProject
Project("{FAE04EC0-301F-11D3-BF4B-00C04F79EFBC}") = "Wafi.SmartHR.Application.Contracts", "host\Wafi.SmartHR.Application.Contracts\Wafi.SmartHR.Application.Contracts.csproj", "{D53F46BF-4ACA-4421-D70A-311030AD020D}"
EndProject
Project("{FAE04EC0-301F-11D3-BF4B-00C04F79EFBC}") = "Wafi.SmartHR.DbMigrator", "host\Wafi.SmartHR.DbMigrator\Wafi.SmartHR.DbMigrator.csproj", "{DA71DCCD-CC23-BBE3-8B54-4098C0DC84F9}"
EndProject
Project("{FAE04EC0-301F-11D3-BF4B-00C04F79EFBC}") = "Wafi.SmartHR.Domain", "host\Wafi.SmartHR.Domain\Wafi.SmartHR.Domain.csproj", "{6ECCB686-FD43-42A7-F25C-B1A5773B8A70}"
EndProject
Project("{FAE04EC0-301F-11D3-BF4B-00C04F79EFBC}") = "Wafi.SmartHR.Domain.Shared", "host\Wafi.SmartHR.Domain.Shared\Wafi.SmartHR.Domain.Shared.csproj", "{C7020480-75DF-65BA-A756-B457E76BAE9C}"
EndProject
Project("{FAE04EC0-301F-11D3-BF4B-00C04F79EFBC}") = "Wafi.SmartHR.EntityFrameworkCore", "host\Wafi.SmartHR.EntityFrameworkCore\Wafi.SmartHR.EntityFrameworkCore.csproj", "{CF604074-1BCB-2FDE-4C1D-BA2CC331DAA4}"
EndProject
Project("{FAE04EC0-301F-11D3-BF4B-00C04F79EFBC}") = "Wafi.SmartHR.HttpApi", "host\Wafi.SmartHR.HttpApi\Wafi.SmartHR.HttpApi.csproj", "{8EE2837D-9771-E971-12C2-971C00CF07F6}"
EndProject
Project("{FAE04EC0-301F-11D3-BF4B-00C04F79EFBC}") = "Wafi.SmartHR.HttpApi.Client", "host\Wafi.SmartHR.HttpApi.Client\Wafi.SmartHR.HttpApi.Client.csproj", "{D5618391-2B89-DCCC-3366-C098404F7C2C}"
EndProject
Project("{FAE04EC0-301F-11D3-BF4B-00C04F79EFBC}") = "Wafi.SmartHR.Web", "host\Wafi.SmartHR.Web\Wafi.SmartHR.Web.csproj", "{260394E2-EBB9-4BAF-64BF-EB37351331A5}"
EndProject
Project("{FAE04EC0-301F-11D3-BF4B-00C04F79EFBC}") = "Wafi.Abp.OpenAISemanticKernel", "src\OpenAISemanticKernel\Wafi.Abp.OpenAISemanticKernel\Wafi.Abp.OpenAISemanticKernel.csproj", "{81DF2F05-50D0-DB7C-F0EE-54DB26A8A5E7}"
EndProject
Project("{FAE04EC0-301F-11D3-BF4B-00C04F79EFBC}") = "Wafi.Abp.OpenAISemanticKernel.Tests", "test\Wafi.Abp.OpenAISemanticKernel.Tests\Wafi.Abp.OpenAISemanticKernel.Tests.csproj", "{DCBBD59E-1F6B-4BB0-B7BD-E022FED4D4A8}"
EndProject
Project("{FAE04EC0-301F-11D3-BF4B-00C04F79EFBC}") = "Wafi.Abp.Workspace", "src\AbpWorkspace\Wafi.Abp.Workspace.csproj", "{603E05A8-5583-428B-5BC7-30F394023800}"
EndProject
Project("{2150E333-8FDC-42A3-9474-1A3956D46DE8}") = "samples", "samples", "{43360EE4-BC90-4935-B1DA-B3DF796576AF}"
EndProject
Project("{2150E333-8FDC-42A3-9474-1A3956D46DE8}") = "workspace", "workspace", "{A5001049-0C3D-49B0-8222-C5DD760C04F5}"
EndProject
Project("{FAE04EC0-301F-11D3-BF4B-00C04F79EFBC}") = "Workspace.Sample.Application", "samples\Workspace.Sample\src\Workspace.Sample.Application\Workspace.Sample.Application.csproj", "{90E5481C-1546-9926-5AD0-B6237C91ADBE}"
EndProject
Global
	GlobalSection(SolutionConfigurationPlatforms) = preSolution
		Debug|Any CPU = Debug|Any CPU
		Debug|x64 = Debug|x64
		Debug|x86 = Debug|x86
		Release|Any CPU = Release|Any CPU
		Release|x64 = Release|x64
		Release|x86 = Release|x86
	EndGlobalSection
	GlobalSection(ProjectConfigurationPlatforms) = postSolution
		{CBB9FC65-F49A-786D-A1C4-60B3DA56DF62}.Debug|Any CPU.ActiveCfg = Debug|Any CPU
		{CBB9FC65-F49A-786D-A1C4-60B3DA56DF62}.Debug|Any CPU.Build.0 = Debug|Any CPU
		{CBB9FC65-F49A-786D-A1C4-60B3DA56DF62}.Debug|x64.ActiveCfg = Debug|Any CPU
		{CBB9FC65-F49A-786D-A1C4-60B3DA56DF62}.Debug|x64.Build.0 = Debug|Any CPU
		{CBB9FC65-F49A-786D-A1C4-60B3DA56DF62}.Debug|x86.ActiveCfg = Debug|Any CPU
		{CBB9FC65-F49A-786D-A1C4-60B3DA56DF62}.Debug|x86.Build.0 = Debug|Any CPU
		{CBB9FC65-F49A-786D-A1C4-60B3DA56DF62}.Release|Any CPU.ActiveCfg = Release|Any CPU
		{CBB9FC65-F49A-786D-A1C4-60B3DA56DF62}.Release|Any CPU.Build.0 = Release|Any CPU
		{CBB9FC65-F49A-786D-A1C4-60B3DA56DF62}.Release|x64.ActiveCfg = Release|Any CPU
		{CBB9FC65-F49A-786D-A1C4-60B3DA56DF62}.Release|x64.Build.0 = Release|Any CPU
		{CBB9FC65-F49A-786D-A1C4-60B3DA56DF62}.Release|x86.ActiveCfg = Release|Any CPU
		{CBB9FC65-F49A-786D-A1C4-60B3DA56DF62}.Release|x86.Build.0 = Release|Any CPU
		{C16593C7-EDD9-40ED-0F95-F01F30572874}.Debug|Any CPU.ActiveCfg = Debug|Any CPU
		{C16593C7-EDD9-40ED-0F95-F01F30572874}.Debug|Any CPU.Build.0 = Debug|Any CPU
		{C16593C7-EDD9-40ED-0F95-F01F30572874}.Debug|x64.ActiveCfg = Debug|Any CPU
		{C16593C7-EDD9-40ED-0F95-F01F30572874}.Debug|x64.Build.0 = Debug|Any CPU
		{C16593C7-EDD9-40ED-0F95-F01F30572874}.Debug|x86.ActiveCfg = Debug|Any CPU
		{C16593C7-EDD9-40ED-0F95-F01F30572874}.Debug|x86.Build.0 = Debug|Any CPU
		{C16593C7-EDD9-40ED-0F95-F01F30572874}.Release|Any CPU.ActiveCfg = Release|Any CPU
		{C16593C7-EDD9-40ED-0F95-F01F30572874}.Release|Any CPU.Build.0 = Release|Any CPU
		{C16593C7-EDD9-40ED-0F95-F01F30572874}.Release|x64.ActiveCfg = Release|Any CPU
		{C16593C7-EDD9-40ED-0F95-F01F30572874}.Release|x64.Build.0 = Release|Any CPU
		{C16593C7-EDD9-40ED-0F95-F01F30572874}.Release|x86.ActiveCfg = Release|Any CPU
		{C16593C7-EDD9-40ED-0F95-F01F30572874}.Release|x86.Build.0 = Release|Any CPU
		{D53F46BF-4ACA-4421-D70A-311030AD020D}.Debug|Any CPU.ActiveCfg = Debug|Any CPU
		{D53F46BF-4ACA-4421-D70A-311030AD020D}.Debug|Any CPU.Build.0 = Debug|Any CPU
		{D53F46BF-4ACA-4421-D70A-311030AD020D}.Debug|x64.ActiveCfg = Debug|Any CPU
		{D53F46BF-4ACA-4421-D70A-311030AD020D}.Debug|x64.Build.0 = Debug|Any CPU
		{D53F46BF-4ACA-4421-D70A-311030AD020D}.Debug|x86.ActiveCfg = Debug|Any CPU
		{D53F46BF-4ACA-4421-D70A-311030AD020D}.Debug|x86.Build.0 = Debug|Any CPU
		{D53F46BF-4ACA-4421-D70A-311030AD020D}.Release|Any CPU.ActiveCfg = Release|Any CPU
		{D53F46BF-4ACA-4421-D70A-311030AD020D}.Release|Any CPU.Build.0 = Release|Any CPU
		{D53F46BF-4ACA-4421-D70A-311030AD020D}.Release|x64.ActiveCfg = Release|Any CPU
		{D53F46BF-4ACA-4421-D70A-311030AD020D}.Release|x64.Build.0 = Release|Any CPU
		{D53F46BF-4ACA-4421-D70A-311030AD020D}.Release|x86.ActiveCfg = Release|Any CPU
		{D53F46BF-4ACA-4421-D70A-311030AD020D}.Release|x86.Build.0 = Release|Any CPU
		{DA71DCCD-CC23-BBE3-8B54-4098C0DC84F9}.Debug|Any CPU.ActiveCfg = Debug|Any CPU
		{DA71DCCD-CC23-BBE3-8B54-4098C0DC84F9}.Debug|Any CPU.Build.0 = Debug|Any CPU
		{DA71DCCD-CC23-BBE3-8B54-4098C0DC84F9}.Debug|x64.ActiveCfg = Debug|Any CPU
		{DA71DCCD-CC23-BBE3-8B54-4098C0DC84F9}.Debug|x64.Build.0 = Debug|Any CPU
		{DA71DCCD-CC23-BBE3-8B54-4098C0DC84F9}.Debug|x86.ActiveCfg = Debug|Any CPU
		{DA71DCCD-CC23-BBE3-8B54-4098C0DC84F9}.Debug|x86.Build.0 = Debug|Any CPU
		{DA71DCCD-CC23-BBE3-8B54-4098C0DC84F9}.Release|Any CPU.ActiveCfg = Release|Any CPU
		{DA71DCCD-CC23-BBE3-8B54-4098C0DC84F9}.Release|Any CPU.Build.0 = Release|Any CPU
		{DA71DCCD-CC23-BBE3-8B54-4098C0DC84F9}.Release|x64.ActiveCfg = Release|Any CPU
		{DA71DCCD-CC23-BBE3-8B54-4098C0DC84F9}.Release|x64.Build.0 = Release|Any CPU
		{DA71DCCD-CC23-BBE3-8B54-4098C0DC84F9}.Release|x86.ActiveCfg = Release|Any CPU
		{DA71DCCD-CC23-BBE3-8B54-4098C0DC84F9}.Release|x86.Build.0 = Release|Any CPU
		{6ECCB686-FD43-42A7-F25C-B1A5773B8A70}.Debug|Any CPU.ActiveCfg = Debug|Any CPU
		{6ECCB686-FD43-42A7-F25C-B1A5773B8A70}.Debug|Any CPU.Build.0 = Debug|Any CPU
		{6ECCB686-FD43-42A7-F25C-B1A5773B8A70}.Debug|x64.ActiveCfg = Debug|Any CPU
		{6ECCB686-FD43-42A7-F25C-B1A5773B8A70}.Debug|x64.Build.0 = Debug|Any CPU
		{6ECCB686-FD43-42A7-F25C-B1A5773B8A70}.Debug|x86.ActiveCfg = Debug|Any CPU
		{6ECCB686-FD43-42A7-F25C-B1A5773B8A70}.Debug|x86.Build.0 = Debug|Any CPU
		{6ECCB686-FD43-42A7-F25C-B1A5773B8A70}.Release|Any CPU.ActiveCfg = Release|Any CPU
		{6ECCB686-FD43-42A7-F25C-B1A5773B8A70}.Release|Any CPU.Build.0 = Release|Any CPU
		{6ECCB686-FD43-42A7-F25C-B1A5773B8A70}.Release|x64.ActiveCfg = Release|Any CPU
		{6ECCB686-FD43-42A7-F25C-B1A5773B8A70}.Release|x64.Build.0 = Release|Any CPU
		{6ECCB686-FD43-42A7-F25C-B1A5773B8A70}.Release|x86.ActiveCfg = Release|Any CPU
		{6ECCB686-FD43-42A7-F25C-B1A5773B8A70}.Release|x86.Build.0 = Release|Any CPU
		{C7020480-75DF-65BA-A756-B457E76BAE9C}.Debug|Any CPU.ActiveCfg = Debug|Any CPU
		{C7020480-75DF-65BA-A756-B457E76BAE9C}.Debug|Any CPU.Build.0 = Debug|Any CPU
		{C7020480-75DF-65BA-A756-B457E76BAE9C}.Debug|x64.ActiveCfg = Debug|Any CPU
		{C7020480-75DF-65BA-A756-B457E76BAE9C}.Debug|x64.Build.0 = Debug|Any CPU
		{C7020480-75DF-65BA-A756-B457E76BAE9C}.Debug|x86.ActiveCfg = Debug|Any CPU
		{C7020480-75DF-65BA-A756-B457E76BAE9C}.Debug|x86.Build.0 = Debug|Any CPU
		{C7020480-75DF-65BA-A756-B457E76BAE9C}.Release|Any CPU.ActiveCfg = Release|Any CPU
		{C7020480-75DF-65BA-A756-B457E76BAE9C}.Release|Any CPU.Build.0 = Release|Any CPU
		{C7020480-75DF-65BA-A756-B457E76BAE9C}.Release|x64.ActiveCfg = Release|Any CPU
		{C7020480-75DF-65BA-A756-B457E76BAE9C}.Release|x64.Build.0 = Release|Any CPU
		{C7020480-75DF-65BA-A756-B457E76BAE9C}.Release|x86.ActiveCfg = Release|Any CPU
		{C7020480-75DF-65BA-A756-B457E76BAE9C}.Release|x86.Build.0 = Release|Any CPU
		{CF604074-1BCB-2FDE-4C1D-BA2CC331DAA4}.Debug|Any CPU.ActiveCfg = Debug|Any CPU
		{CF604074-1BCB-2FDE-4C1D-BA2CC331DAA4}.Debug|Any CPU.Build.0 = Debug|Any CPU
		{CF604074-1BCB-2FDE-4C1D-BA2CC331DAA4}.Debug|x64.ActiveCfg = Debug|Any CPU
		{CF604074-1BCB-2FDE-4C1D-BA2CC331DAA4}.Debug|x64.Build.0 = Debug|Any CPU
		{CF604074-1BCB-2FDE-4C1D-BA2CC331DAA4}.Debug|x86.ActiveCfg = Debug|Any CPU
		{CF604074-1BCB-2FDE-4C1D-BA2CC331DAA4}.Debug|x86.Build.0 = Debug|Any CPU
		{CF604074-1BCB-2FDE-4C1D-BA2CC331DAA4}.Release|Any CPU.ActiveCfg = Release|Any CPU
		{CF604074-1BCB-2FDE-4C1D-BA2CC331DAA4}.Release|Any CPU.Build.0 = Release|Any CPU
		{CF604074-1BCB-2FDE-4C1D-BA2CC331DAA4}.Release|x64.ActiveCfg = Release|Any CPU
		{CF604074-1BCB-2FDE-4C1D-BA2CC331DAA4}.Release|x64.Build.0 = Release|Any CPU
		{CF604074-1BCB-2FDE-4C1D-BA2CC331DAA4}.Release|x86.ActiveCfg = Release|Any CPU
		{CF604074-1BCB-2FDE-4C1D-BA2CC331DAA4}.Release|x86.Build.0 = Release|Any CPU
		{8EE2837D-9771-E971-12C2-971C00CF07F6}.Debug|Any CPU.ActiveCfg = Debug|Any CPU
		{8EE2837D-9771-E971-12C2-971C00CF07F6}.Debug|Any CPU.Build.0 = Debug|Any CPU
		{8EE2837D-9771-E971-12C2-971C00CF07F6}.Debug|x64.ActiveCfg = Debug|Any CPU
		{8EE2837D-9771-E971-12C2-971C00CF07F6}.Debug|x64.Build.0 = Debug|Any CPU
		{8EE2837D-9771-E971-12C2-971C00CF07F6}.Debug|x86.ActiveCfg = Debug|Any CPU
		{8EE2837D-9771-E971-12C2-971C00CF07F6}.Debug|x86.Build.0 = Debug|Any CPU
		{8EE2837D-9771-E971-12C2-971C00CF07F6}.Release|Any CPU.ActiveCfg = Release|Any CPU
		{8EE2837D-9771-E971-12C2-971C00CF07F6}.Release|Any CPU.Build.0 = Release|Any CPU
		{8EE2837D-9771-E971-12C2-971C00CF07F6}.Release|x64.ActiveCfg = Release|Any CPU
		{8EE2837D-9771-E971-12C2-971C00CF07F6}.Release|x64.Build.0 = Release|Any CPU
		{8EE2837D-9771-E971-12C2-971C00CF07F6}.Release|x86.ActiveCfg = Release|Any CPU
		{8EE2837D-9771-E971-12C2-971C00CF07F6}.Release|x86.Build.0 = Release|Any CPU
		{D5618391-2B89-DCCC-3366-C098404F7C2C}.Debug|Any CPU.ActiveCfg = Debug|Any CPU
		{D5618391-2B89-DCCC-3366-C098404F7C2C}.Debug|Any CPU.Build.0 = Debug|Any CPU
		{D5618391-2B89-DCCC-3366-C098404F7C2C}.Debug|x64.ActiveCfg = Debug|Any CPU
		{D5618391-2B89-DCCC-3366-C098404F7C2C}.Debug|x64.Build.0 = Debug|Any CPU
		{D5618391-2B89-DCCC-3366-C098404F7C2C}.Debug|x86.ActiveCfg = Debug|Any CPU
		{D5618391-2B89-DCCC-3366-C098404F7C2C}.Debug|x86.Build.0 = Debug|Any CPU
		{D5618391-2B89-DCCC-3366-C098404F7C2C}.Release|Any CPU.ActiveCfg = Release|Any CPU
		{D5618391-2B89-DCCC-3366-C098404F7C2C}.Release|Any CPU.Build.0 = Release|Any CPU
		{D5618391-2B89-DCCC-3366-C098404F7C2C}.Release|x64.ActiveCfg = Release|Any CPU
		{D5618391-2B89-DCCC-3366-C098404F7C2C}.Release|x64.Build.0 = Release|Any CPU
		{D5618391-2B89-DCCC-3366-C098404F7C2C}.Release|x86.ActiveCfg = Release|Any CPU
		{D5618391-2B89-DCCC-3366-C098404F7C2C}.Release|x86.Build.0 = Release|Any CPU
		{260394E2-EBB9-4BAF-64BF-EB37351331A5}.Debug|Any CPU.ActiveCfg = Debug|Any CPU
		{260394E2-EBB9-4BAF-64BF-EB37351331A5}.Debug|Any CPU.Build.0 = Debug|Any CPU
		{260394E2-EBB9-4BAF-64BF-EB37351331A5}.Debug|x64.ActiveCfg = Debug|Any CPU
		{260394E2-EBB9-4BAF-64BF-EB37351331A5}.Debug|x64.Build.0 = Debug|Any CPU
		{260394E2-EBB9-4BAF-64BF-EB37351331A5}.Debug|x86.ActiveCfg = Debug|Any CPU
		{260394E2-EBB9-4BAF-64BF-EB37351331A5}.Debug|x86.Build.0 = Debug|Any CPU
		{260394E2-EBB9-4BAF-64BF-EB37351331A5}.Release|Any CPU.ActiveCfg = Release|Any CPU
		{260394E2-EBB9-4BAF-64BF-EB37351331A5}.Release|Any CPU.Build.0 = Release|Any CPU
		{260394E2-EBB9-4BAF-64BF-EB37351331A5}.Release|x64.ActiveCfg = Release|Any CPU
		{260394E2-EBB9-4BAF-64BF-EB37351331A5}.Release|x64.Build.0 = Release|Any CPU
		{260394E2-EBB9-4BAF-64BF-EB37351331A5}.Release|x86.ActiveCfg = Release|Any CPU
		{260394E2-EBB9-4BAF-64BF-EB37351331A5}.Release|x86.Build.0 = Release|Any CPU
		{81DF2F05-50D0-DB7C-F0EE-54DB26A8A5E7}.Debug|Any CPU.ActiveCfg = Debug|Any CPU
		{81DF2F05-50D0-DB7C-F0EE-54DB26A8A5E7}.Debug|Any CPU.Build.0 = Debug|Any CPU
		{81DF2F05-50D0-DB7C-F0EE-54DB26A8A5E7}.Debug|x64.ActiveCfg = Debug|Any CPU
		{81DF2F05-50D0-DB7C-F0EE-54DB26A8A5E7}.Debug|x64.Build.0 = Debug|Any CPU
		{81DF2F05-50D0-DB7C-F0EE-54DB26A8A5E7}.Debug|x86.ActiveCfg = Debug|Any CPU
		{81DF2F05-50D0-DB7C-F0EE-54DB26A8A5E7}.Debug|x86.Build.0 = Debug|Any CPU
		{81DF2F05-50D0-DB7C-F0EE-54DB26A8A5E7}.Release|Any CPU.ActiveCfg = Release|Any CPU
		{81DF2F05-50D0-DB7C-F0EE-54DB26A8A5E7}.Release|Any CPU.Build.0 = Release|Any CPU
		{81DF2F05-50D0-DB7C-F0EE-54DB26A8A5E7}.Release|x64.ActiveCfg = Release|Any CPU
		{81DF2F05-50D0-DB7C-F0EE-54DB26A8A5E7}.Release|x64.Build.0 = Release|Any CPU
		{81DF2F05-50D0-DB7C-F0EE-54DB26A8A5E7}.Release|x86.ActiveCfg = Release|Any CPU
		{81DF2F05-50D0-DB7C-F0EE-54DB26A8A5E7}.Release|x86.Build.0 = Release|Any CPU
		{DCBBD59E-1F6B-4BB0-B7BD-E022FED4D4A8}.Debug|Any CPU.ActiveCfg = Debug|Any CPU
		{DCBBD59E-1F6B-4BB0-B7BD-E022FED4D4A8}.Debug|Any CPU.Build.0 = Debug|Any CPU
		{DCBBD59E-1F6B-4BB0-B7BD-E022FED4D4A8}.Debug|x64.ActiveCfg = Debug|Any CPU
		{DCBBD59E-1F6B-4BB0-B7BD-E022FED4D4A8}.Debug|x64.Build.0 = Debug|Any CPU
		{DCBBD59E-1F6B-4BB0-B7BD-E022FED4D4A8}.Debug|x86.ActiveCfg = Debug|Any CPU
		{DCBBD59E-1F6B-4BB0-B7BD-E022FED4D4A8}.Debug|x86.Build.0 = Debug|Any CPU
		{DCBBD59E-1F6B-4BB0-B7BD-E022FED4D4A8}.Release|Any CPU.ActiveCfg = Release|Any CPU
		{DCBBD59E-1F6B-4BB0-B7BD-E022FED4D4A8}.Release|Any CPU.Build.0 = Release|Any CPU
		{DCBBD59E-1F6B-4BB0-B7BD-E022FED4D4A8}.Release|x64.ActiveCfg = Release|Any CPU
		{DCBBD59E-1F6B-4BB0-B7BD-E022FED4D4A8}.Release|x64.Build.0 = Release|Any CPU
		{DCBBD59E-1F6B-4BB0-B7BD-E022FED4D4A8}.Release|x86.ActiveCfg = Release|Any CPU
		{DCBBD59E-1F6B-4BB0-B7BD-E022FED4D4A8}.Release|x86.Build.0 = Release|Any CPU
		{603E05A8-5583-428B-5BC7-30F394023800}.Debug|Any CPU.ActiveCfg = Debug|Any CPU
		{603E05A8-5583-428B-5BC7-30F394023800}.Debug|Any CPU.Build.0 = Debug|Any CPU
		{603E05A8-5583-428B-5BC7-30F394023800}.Debug|x64.ActiveCfg = Debug|Any CPU
		{603E05A8-5583-428B-5BC7-30F394023800}.Debug|x64.Build.0 = Debug|Any CPU
		{603E05A8-5583-428B-5BC7-30F394023800}.Debug|x86.ActiveCfg = Debug|Any CPU
		{603E05A8-5583-428B-5BC7-30F394023800}.Debug|x86.Build.0 = Debug|Any CPU
		{603E05A8-5583-428B-5BC7-30F394023800}.Release|Any CPU.ActiveCfg = Release|Any CPU
		{603E05A8-5583-428B-5BC7-30F394023800}.Release|Any CPU.Build.0 = Release|Any CPU
		{603E05A8-5583-428B-5BC7-30F394023800}.Release|x64.ActiveCfg = Release|Any CPU
		{603E05A8-5583-428B-5BC7-30F394023800}.Release|x64.Build.0 = Release|Any CPU
		{603E05A8-5583-428B-5BC7-30F394023800}.Release|x86.ActiveCfg = Release|Any CPU
		{603E05A8-5583-428B-5BC7-30F394023800}.Release|x86.Build.0 = Release|Any CPU
		{90E5481C-1546-9926-5AD0-B6237C91ADBE}.Debug|Any CPU.ActiveCfg = Debug|Any CPU
		{90E5481C-1546-9926-5AD0-B6237C91ADBE}.Debug|Any CPU.Build.0 = Debug|Any CPU
		{90E5481C-1546-9926-5AD0-B6237C91ADBE}.Debug|x64.ActiveCfg = Debug|Any CPU
		{90E5481C-1546-9926-5AD0-B6237C91ADBE}.Debug|x64.Build.0 = Debug|Any CPU
		{90E5481C-1546-9926-5AD0-B6237C91ADBE}.Debug|x86.ActiveCfg = Debug|Any CPU
		{90E5481C-1546-9926-5AD0-B6237C91ADBE}.Debug|x86.Build.0 = Debug|Any CPU
		{90E5481C-1546-9926-5AD0-B6237C91ADBE}.Release|Any CPU.ActiveCfg = Release|Any CPU
		{90E5481C-1546-9926-5AD0-B6237C91ADBE}.Release|Any CPU.Build.0 = Release|Any CPU
		{90E5481C-1546-9926-5AD0-B6237C91ADBE}.Release|x64.ActiveCfg = Release|Any CPU
		{90E5481C-1546-9926-5AD0-B6237C91ADBE}.Release|x64.Build.0 = Release|Any CPU
		{90E5481C-1546-9926-5AD0-B6237C91ADBE}.Release|x86.ActiveCfg = Release|Any CPU
		{90E5481C-1546-9926-5AD0-B6237C91ADBE}.Release|x86.Build.0 = Release|Any CPU
	EndGlobalSection
	GlobalSection(SolutionProperties) = preSolution
		HideSolutionNode = FALSE
	EndGlobalSection
	GlobalSection(NestedProjects) = preSolution
		{CBB9FC65-F49A-786D-A1C4-60B3DA56DF62} = {588BDD3C-38CE-418E-8322-A88C5727A71A}
		{C16593C7-EDD9-40ED-0F95-F01F30572874} = {CA9AC87F-097E-4F15-8393-4BC07735A5B0}
		{D53F46BF-4ACA-4421-D70A-311030AD020D} = {CA9AC87F-097E-4F15-8393-4BC07735A5B0}
		{DA71DCCD-CC23-BBE3-8B54-4098C0DC84F9} = {CA9AC87F-097E-4F15-8393-4BC07735A5B0}
		{6ECCB686-FD43-42A7-F25C-B1A5773B8A70} = {CA9AC87F-097E-4F15-8393-4BC07735A5B0}
		{C7020480-75DF-65BA-A756-B457E76BAE9C} = {CA9AC87F-097E-4F15-8393-4BC07735A5B0}
		{CF604074-1BCB-2FDE-4C1D-BA2CC331DAA4} = {CA9AC87F-097E-4F15-8393-4BC07735A5B0}
		{8EE2837D-9771-E971-12C2-971C00CF07F6} = {CA9AC87F-097E-4F15-8393-4BC07735A5B0}
		{D5618391-2B89-DCCC-3366-C098404F7C2C} = {CA9AC87F-097E-4F15-8393-4BC07735A5B0}
		{260394E2-EBB9-4BAF-64BF-EB37351331A5} = {CA9AC87F-097E-4F15-8393-4BC07735A5B0}
		{81DF2F05-50D0-DB7C-F0EE-54DB26A8A5E7} = {02EA681E-C7D8-13C7-8484-4AC65E1B71E8}
		{DCBBD59E-1F6B-4BB0-B7BD-E022FED4D4A8} = {04DBDB01-70F4-4E06-B468-8F87850B22BE}
		{603E05A8-5583-428B-5BC7-30F394023800} = {02EA681E-C7D8-13C7-8484-4AC65E1B71E8}
		{A5001049-0C3D-49B0-8222-C5DD760C04F5} = {43360EE4-BC90-4935-B1DA-B3DF796576AF}
		{90E5481C-1546-9926-5AD0-B6237C91ADBE} = {A5001049-0C3D-49B0-8222-C5DD760C04F5}
	EndGlobalSection
	GlobalSection(ExtensibilityGlobals) = postSolution
		SolutionGuid = {28315BFD-90E7-4E14-A2EA-F3D23AF4126F}
	EndGlobalSection
EndGlobal
