
Microsoft Visual Studio Solution File, Format Version 12.00
# Visual Studio Version 17
VisualStudioVersion = 17.13.35931.197
MinimumVisualStudioVersion = 10.0.40219.1
Project("{FAE04EC0-301F-11D3-BF4B-00C04F79EFBC}") = "Wafi.Abp.OpenAISemanticKernel", "Wafi.Abp.OpenAISemanticKernel\Wafi.Abp.OpenAISemanticKernel.csproj", "{B0F6F5FE-5D5D-49C5-8E4B-C4EE355E67C8}"
EndProject
Project("{FAE04EC0-301F-11D3-BF4B-00C04F79EFBC}") = "Wafi.Abp.OpenAISemanticKernel.Tests", "..\..\test\Wafi.Abp.OpenAISemanticKernel.Tests\Wafi.Abp.OpenAISemanticKernel.Tests.csproj", "{7574704C-3548-48F1-8959-33A8B48B808A}"
EndProject
Project("{2150E333-8FDC-42A3-9474-1A3956D46DE8}") = "host", "host", "{02EA681E-C7D8-13C7-8484-4AC65E1B71E8}"
EndProject
Project("{FAE04EC0-301F-11D3-BF4B-00C04F79EFBC}") = "Wafi.SmartHR.Application", "..\..\samples\SmartHR\Wafi.SmartHR.Application\Wafi.SmartHR.Application.csproj", "{A2626DEC-1B63-4423-9E8C-260FF7CDA5B9}"
EndProject
Project("{FAE04EC0-301F-11D3-BF4B-00C04F79EFBC}") = "Wafi.SmartHR.Application.Contracts", "..\..\samples\SmartHR\Wafi.SmartHR.Application.Contracts\Wafi.SmartHR.Application.Contracts.csproj", "{DB0D3C72-F421-3C7C-217B-5E4153CAE9F4}"
EndProject
Project("{FAE04EC0-301F-11D3-BF4B-00C04F79EFBC}") = "Wafi.SmartHR.DbMigrator", "..\..\samples\SmartHR\Wafi.SmartHR.DbMigrator\Wafi.SmartHR.DbMigrator.csproj", "{5EB8FE6F-CA6A-4ACD-1B4C-1420998E6A2A}"
EndProject
Project("{FAE04EC0-301F-11D3-BF4B-00C04F79EFBC}") = "Wafi.SmartHR.Domain", "..\..\samples\SmartHR\Wafi.SmartHR.Domain\Wafi.SmartHR.Domain.csproj", "{5042E14D-02AA-4C6A-7F3E-2305154FA273}"
EndProject
Project("{FAE04EC0-301F-11D3-BF4B-00C04F79EFBC}") = "Wafi.SmartHR.Domain.Shared", "..\..\samples\SmartHR\Wafi.SmartHR.Domain.Shared\Wafi.SmartHR.Domain.Shared.csproj", "{9E108B4C-658A-6FA9-0D44-D37C96BEA954}"
EndProject
Project("{FAE04EC0-301F-11D3-BF4B-00C04F79EFBC}") = "Wafi.SmartHR.HttpApi", "..\..\samples\SmartHR\Wafi.SmartHR.HttpApi\Wafi.SmartHR.HttpApi.csproj", "{D97B1C23-467D-A6F8-5875-7541B4E1F619}"
EndProject
Project("{FAE04EC0-301F-11D3-BF4B-00C04F79EFBC}") = "Wafi.SmartHR.EntityFrameworkCore", "..\..\samples\SmartHR\Wafi.SmartHR.EntityFrameworkCore\Wafi.SmartHR.EntityFrameworkCore.csproj", "{FFCDE93B-B0CF-1C3A-95A6-EA42204A1A68}"
EndProject
Project("{FAE04EC0-301F-11D3-BF4B-00C04F79EFBC}") = "Wafi.SmartHR.HttpApi.Client", "..\..\samples\SmartHR\Wafi.SmartHR.HttpApi.Client\Wafi.SmartHR.HttpApi.Client.csproj", "{72EAE581-5922-CA1D-A4F4-14236AFFF06E}"
EndProject
Project("{FAE04EC0-301F-11D3-BF4B-00C04F79EFBC}") = "Wafi.SmartHR.Web", "..\..\samples\SmartHR\Wafi.SmartHR.Web\Wafi.SmartHR.Web.csproj", "{57404A5E-35D3-A070-2A44-C3DF16CD331D}"
EndProject
Project("{2150E333-8FDC-42A3-9474-1A3956D46DE8}") = "src", "src", "{FA2BA3C6-26EF-4931-BD25-02B5E7F08E46}"
EndProject
Project("{2150E333-8FDC-42A3-9474-1A3956D46DE8}") = "test", "test", "{52A0A212-607B-441D-A8C3-B25FA1D299C8}"
EndProject
Project("{2150E333-8FDC-42A3-9474-1A3956D46DE8}") = "plugins", "plugins", "{A12B271A-290A-4EE0-8511-7627EC797F39}"
EndProject
Project("{FAE04EC0-301F-11D3-BF4B-00C04F79EFBC}") = "Wafi.SmartHR.AI.Plugin", "..\..\plugins\wafi.smarthr.ai.plugin\Wafi.SmartHR.AI.Plugin\Wafi.SmartHR.AI.Plugin.csproj", "{36FED576-51DD-3433-FB52-92A6B7D72A26}"
EndProject
Global
	GlobalSection(SolutionConfigurationPlatforms) = preSolution
		Debug|Any CPU = Debug|Any CPU
		Debug|x64 = Debug|x64
		Debug|x86 = Debug|x86
		Release|Any CPU = Release|Any CPU
		Release|x64 = Release|x64
		Release|x86 = Release|x86
	EndGlobalSection
	GlobalSection(ProjectConfigurationPlatforms) = postSolution
		{B0F6F5FE-5D5D-49C5-8E4B-C4EE355E67C8}.Debug|Any CPU.ActiveCfg = Debug|Any CPU
		{B0F6F5FE-5D5D-49C5-8E4B-C4EE355E67C8}.Debug|Any CPU.Build.0 = Debug|Any CPU
		{B0F6F5FE-5D5D-49C5-8E4B-C4EE355E67C8}.Debug|x64.ActiveCfg = Debug|Any CPU
		{B0F6F5FE-5D5D-49C5-8E4B-C4EE355E67C8}.Debug|x64.Build.0 = Debug|Any CPU
		{B0F6F5FE-5D5D-49C5-8E4B-C4EE355E67C8}.Debug|x86.ActiveCfg = Debug|Any CPU
		{B0F6F5FE-5D5D-49C5-8E4B-C4EE355E67C8}.Debug|x86.Build.0 = Debug|Any CPU
		{B0F6F5FE-5D5D-49C5-8E4B-C4EE355E67C8}.Release|Any CPU.ActiveCfg = Release|Any CPU
		{B0F6F5FE-5D5D-49C5-8E4B-C4EE355E67C8}.Release|Any CPU.Build.0 = Release|Any CPU
		{B0F6F5FE-5D5D-49C5-8E4B-C4EE355E67C8}.Release|x64.ActiveCfg = Release|Any CPU
		{B0F6F5FE-5D5D-49C5-8E4B-C4EE355E67C8}.Release|x64.Build.0 = Release|Any CPU
		{B0F6F5FE-5D5D-49C5-8E4B-C4EE355E67C8}.Release|x86.ActiveCfg = Release|Any CPU
		{B0F6F5FE-5D5D-49C5-8E4B-C4EE355E67C8}.Release|x86.Build.0 = Release|Any CPU
		{7574704C-3548-48F1-8959-33A8B48B808A}.Debug|Any CPU.ActiveCfg = Debug|Any CPU
		{7574704C-3548-48F1-8959-33A8B48B808A}.Debug|Any CPU.Build.0 = Debug|Any CPU
		{7574704C-3548-48F1-8959-33A8B48B808A}.Debug|x64.ActiveCfg = Debug|Any CPU
		{7574704C-3548-48F1-8959-33A8B48B808A}.Debug|x64.Build.0 = Debug|Any CPU
		{7574704C-3548-48F1-8959-33A8B48B808A}.Debug|x86.ActiveCfg = Debug|Any CPU
		{7574704C-3548-48F1-8959-33A8B48B808A}.Debug|x86.Build.0 = Debug|Any CPU
		{7574704C-3548-48F1-8959-33A8B48B808A}.Release|Any CPU.ActiveCfg = Release|Any CPU
		{7574704C-3548-48F1-8959-33A8B48B808A}.Release|Any CPU.Build.0 = Release|Any CPU
		{7574704C-3548-48F1-8959-33A8B48B808A}.Release|x64.ActiveCfg = Release|Any CPU
		{7574704C-3548-48F1-8959-33A8B48B808A}.Release|x64.Build.0 = Release|Any CPU
		{7574704C-3548-48F1-8959-33A8B48B808A}.Release|x86.ActiveCfg = Release|Any CPU
		{7574704C-3548-48F1-8959-33A8B48B808A}.Release|x86.Build.0 = Release|Any CPU
		{A2626DEC-1B63-4423-9E8C-260FF7CDA5B9}.Debug|Any CPU.ActiveCfg = Debug|Any CPU
		{A2626DEC-1B63-4423-9E8C-260FF7CDA5B9}.Debug|Any CPU.Build.0 = Debug|Any CPU
		{A2626DEC-1B63-4423-9E8C-260FF7CDA5B9}.Debug|x64.ActiveCfg = Debug|Any CPU
		{A2626DEC-1B63-4423-9E8C-260FF7CDA5B9}.Debug|x64.Build.0 = Debug|Any CPU
		{A2626DEC-1B63-4423-9E8C-260FF7CDA5B9}.Debug|x86.ActiveCfg = Debug|Any CPU
		{A2626DEC-1B63-4423-9E8C-260FF7CDA5B9}.Debug|x86.Build.0 = Debug|Any CPU
		{A2626DEC-1B63-4423-9E8C-260FF7CDA5B9}.Release|Any CPU.ActiveCfg = Release|Any CPU
		{A2626DEC-1B63-4423-9E8C-260FF7CDA5B9}.Release|Any CPU.Build.0 = Release|Any CPU
		{A2626DEC-1B63-4423-9E8C-260FF7CDA5B9}.Release|x64.ActiveCfg = Release|Any CPU
		{A2626DEC-1B63-4423-9E8C-260FF7CDA5B9}.Release|x64.Build.0 = Release|Any CPU
		{A2626DEC-1B63-4423-9E8C-260FF7CDA5B9}.Release|x86.ActiveCfg = Release|Any CPU
		{A2626DEC-1B63-4423-9E8C-260FF7CDA5B9}.Release|x86.Build.0 = Release|Any CPU
		{DB0D3C72-F421-3C7C-217B-5E4153CAE9F4}.Debug|Any CPU.ActiveCfg = Debug|Any CPU
		{DB0D3C72-F421-3C7C-217B-5E4153CAE9F4}.Debug|Any CPU.Build.0 = Debug|Any CPU
		{DB0D3C72-F421-3C7C-217B-5E4153CAE9F4}.Debug|x64.ActiveCfg = Debug|Any CPU
		{DB0D3C72-F421-3C7C-217B-5E4153CAE9F4}.Debug|x64.Build.0 = Debug|Any CPU
		{DB0D3C72-F421-3C7C-217B-5E4153CAE9F4}.Debug|x86.ActiveCfg = Debug|Any CPU
		{DB0D3C72-F421-3C7C-217B-5E4153CAE9F4}.Debug|x86.Build.0 = Debug|Any CPU
		{DB0D3C72-F421-3C7C-217B-5E4153CAE9F4}.Release|Any CPU.ActiveCfg = Release|Any CPU
		{DB0D3C72-F421-3C7C-217B-5E4153CAE9F4}.Release|Any CPU.Build.0 = Release|Any CPU
		{DB0D3C72-F421-3C7C-217B-5E4153CAE9F4}.Release|x64.ActiveCfg = Release|Any CPU
		{DB0D3C72-F421-3C7C-217B-5E4153CAE9F4}.Release|x64.Build.0 = Release|Any CPU
		{DB0D3C72-F421-3C7C-217B-5E4153CAE9F4}.Release|x86.ActiveCfg = Release|Any CPU
		{DB0D3C72-F421-3C7C-217B-5E4153CAE9F4}.Release|x86.Build.0 = Release|Any CPU
		{5EB8FE6F-CA6A-4ACD-1B4C-1420998E6A2A}.Debug|Any CPU.ActiveCfg = Debug|Any CPU
		{5EB8FE6F-CA6A-4ACD-1B4C-1420998E6A2A}.Debug|Any CPU.Build.0 = Debug|Any CPU
		{5EB8FE6F-CA6A-4ACD-1B4C-1420998E6A2A}.Debug|x64.ActiveCfg = Debug|Any CPU
		{5EB8FE6F-CA6A-4ACD-1B4C-1420998E6A2A}.Debug|x64.Build.0 = Debug|Any CPU
		{5EB8FE6F-CA6A-4ACD-1B4C-1420998E6A2A}.Debug|x86.ActiveCfg = Debug|Any CPU
		{5EB8FE6F-CA6A-4ACD-1B4C-1420998E6A2A}.Debug|x86.Build.0 = Debug|Any CPU
		{5EB8FE6F-CA6A-4ACD-1B4C-1420998E6A2A}.Release|Any CPU.ActiveCfg = Release|Any CPU
		{5EB8FE6F-CA6A-4ACD-1B4C-1420998E6A2A}.Release|Any CPU.Build.0 = Release|Any CPU
		{5EB8FE6F-CA6A-4ACD-1B4C-1420998E6A2A}.Release|x64.ActiveCfg = Release|Any CPU
		{5EB8FE6F-CA6A-4ACD-1B4C-1420998E6A2A}.Release|x64.Build.0 = Release|Any CPU
		{5EB8FE6F-CA6A-4ACD-1B4C-1420998E6A2A}.Release|x86.ActiveCfg = Release|Any CPU
		{5EB8FE6F-CA6A-4ACD-1B4C-1420998E6A2A}.Release|x86.Build.0 = Release|Any CPU
		{5042E14D-02AA-4C6A-7F3E-2305154FA273}.Debug|Any CPU.ActiveCfg = Debug|Any CPU
		{5042E14D-02AA-4C6A-7F3E-2305154FA273}.Debug|Any CPU.Build.0 = Debug|Any CPU
		{5042E14D-02AA-4C6A-7F3E-2305154FA273}.Debug|x64.ActiveCfg = Debug|Any CPU
		{5042E14D-02AA-4C6A-7F3E-2305154FA273}.Debug|x64.Build.0 = Debug|Any CPU
		{5042E14D-02AA-4C6A-7F3E-2305154FA273}.Debug|x86.ActiveCfg = Debug|Any CPU
		{5042E14D-02AA-4C6A-7F3E-2305154FA273}.Debug|x86.Build.0 = Debug|Any CPU
		{5042E14D-02AA-4C6A-7F3E-2305154FA273}.Release|Any CPU.ActiveCfg = Release|Any CPU
		{5042E14D-02AA-4C6A-7F3E-2305154FA273}.Release|Any CPU.Build.0 = Release|Any CPU
		{5042E14D-02AA-4C6A-7F3E-2305154FA273}.Release|x64.ActiveCfg = Release|Any CPU
		{5042E14D-02AA-4C6A-7F3E-2305154FA273}.Release|x64.Build.0 = Release|Any CPU
		{5042E14D-02AA-4C6A-7F3E-2305154FA273}.Release|x86.ActiveCfg = Release|Any CPU
		{5042E14D-02AA-4C6A-7F3E-2305154FA273}.Release|x86.Build.0 = Release|Any CPU
		{9E108B4C-658A-6FA9-0D44-D37C96BEA954}.Debug|Any CPU.ActiveCfg = Debug|Any CPU
		{9E108B4C-658A-6FA9-0D44-D37C96BEA954}.Debug|Any CPU.Build.0 = Debug|Any CPU
		{9E108B4C-658A-6FA9-0D44-D37C96BEA954}.Debug|x64.ActiveCfg = Debug|Any CPU
		{9E108B4C-658A-6FA9-0D44-D37C96BEA954}.Debug|x64.Build.0 = Debug|Any CPU
		{9E108B4C-658A-6FA9-0D44-D37C96BEA954}.Debug|x86.ActiveCfg = Debug|Any CPU
		{9E108B4C-658A-6FA9-0D44-D37C96BEA954}.Debug|x86.Build.0 = Debug|Any CPU
		{9E108B4C-658A-6FA9-0D44-D37C96BEA954}.Release|Any CPU.ActiveCfg = Release|Any CPU
		{9E108B4C-658A-6FA9-0D44-D37C96BEA954}.Release|Any CPU.Build.0 = Release|Any CPU
		{9E108B4C-658A-6FA9-0D44-D37C96BEA954}.Release|x64.ActiveCfg = Release|Any CPU
		{9E108B4C-658A-6FA9-0D44-D37C96BEA954}.Release|x64.Build.0 = Release|Any CPU
		{9E108B4C-658A-6FA9-0D44-D37C96BEA954}.Release|x86.ActiveCfg = Release|Any CPU
		{9E108B4C-658A-6FA9-0D44-D37C96BEA954}.Release|x86.Build.0 = Release|Any CPU
		{D97B1C23-467D-A6F8-5875-7541B4E1F619}.Debug|Any CPU.ActiveCfg = Debug|Any CPU
		{D97B1C23-467D-A6F8-5875-7541B4E1F619}.Debug|Any CPU.Build.0 = Debug|Any CPU
		{D97B1C23-467D-A6F8-5875-7541B4E1F619}.Debug|x64.ActiveCfg = Debug|Any CPU
		{D97B1C23-467D-A6F8-5875-7541B4E1F619}.Debug|x64.Build.0 = Debug|Any CPU
		{D97B1C23-467D-A6F8-5875-7541B4E1F619}.Debug|x86.ActiveCfg = Debug|Any CPU
		{D97B1C23-467D-A6F8-5875-7541B4E1F619}.Debug|x86.Build.0 = Debug|Any CPU
		{D97B1C23-467D-A6F8-5875-7541B4E1F619}.Release|Any CPU.ActiveCfg = Release|Any CPU
		{D97B1C23-467D-A6F8-5875-7541B4E1F619}.Release|Any CPU.Build.0 = Release|Any CPU
		{D97B1C23-467D-A6F8-5875-7541B4E1F619}.Release|x64.ActiveCfg = Release|Any CPU
		{D97B1C23-467D-A6F8-5875-7541B4E1F619}.Release|x64.Build.0 = Release|Any CPU
		{D97B1C23-467D-A6F8-5875-7541B4E1F619}.Release|x86.ActiveCfg = Release|Any CPU
		{D97B1C23-467D-A6F8-5875-7541B4E1F619}.Release|x86.Build.0 = Release|Any CPU
		{FFCDE93B-B0CF-1C3A-95A6-EA42204A1A68}.Debug|Any CPU.ActiveCfg = Debug|Any CPU
		{FFCDE93B-B0CF-1C3A-95A6-EA42204A1A68}.Debug|Any CPU.Build.0 = Debug|Any CPU
		{FFCDE93B-B0CF-1C3A-95A6-EA42204A1A68}.Debug|x64.ActiveCfg = Debug|Any CPU
		{FFCDE93B-B0CF-1C3A-95A6-EA42204A1A68}.Debug|x64.Build.0 = Debug|Any CPU
		{FFCDE93B-B0CF-1C3A-95A6-EA42204A1A68}.Debug|x86.ActiveCfg = Debug|Any CPU
		{FFCDE93B-B0CF-1C3A-95A6-EA42204A1A68}.Debug|x86.Build.0 = Debug|Any CPU
		{FFCDE93B-B0CF-1C3A-95A6-EA42204A1A68}.Release|Any CPU.ActiveCfg = Release|Any CPU
		{FFCDE93B-B0CF-1C3A-95A6-EA42204A1A68}.Release|Any CPU.Build.0 = Release|Any CPU
		{FFCDE93B-B0CF-1C3A-95A6-EA42204A1A68}.Release|x64.ActiveCfg = Release|Any CPU
		{FFCDE93B-B0CF-1C3A-95A6-EA42204A1A68}.Release|x64.Build.0 = Release|Any CPU
		{FFCDE93B-B0CF-1C3A-95A6-EA42204A1A68}.Release|x86.ActiveCfg = Release|Any CPU
		{FFCDE93B-B0CF-1C3A-95A6-EA42204A1A68}.Release|x86.Build.0 = Release|Any CPU
		{72EAE581-5922-CA1D-A4F4-14236AFFF06E}.Debug|Any CPU.ActiveCfg = Debug|Any CPU
		{72EAE581-5922-CA1D-A4F4-14236AFFF06E}.Debug|Any CPU.Build.0 = Debug|Any CPU
		{72EAE581-5922-CA1D-A4F4-14236AFFF06E}.Debug|x64.ActiveCfg = Debug|Any CPU
		{72EAE581-5922-CA1D-A4F4-14236AFFF06E}.Debug|x64.Build.0 = Debug|Any CPU
		{72EAE581-5922-CA1D-A4F4-14236AFFF06E}.Debug|x86.ActiveCfg = Debug|Any CPU
		{72EAE581-5922-CA1D-A4F4-14236AFFF06E}.Debug|x86.Build.0 = Debug|Any CPU
		{72EAE581-5922-CA1D-A4F4-14236AFFF06E}.Release|Any CPU.ActiveCfg = Release|Any CPU
		{72EAE581-5922-CA1D-A4F4-14236AFFF06E}.Release|Any CPU.Build.0 = Release|Any CPU
		{72EAE581-5922-CA1D-A4F4-14236AFFF06E}.Release|x64.ActiveCfg = Release|Any CPU
		{72EAE581-5922-CA1D-A4F4-14236AFFF06E}.Release|x64.Build.0 = Release|Any CPU
		{72EAE581-5922-CA1D-A4F4-14236AFFF06E}.Release|x86.ActiveCfg = Release|Any CPU
		{72EAE581-5922-CA1D-A4F4-14236AFFF06E}.Release|x86.Build.0 = Release|Any CPU
		{57404A5E-35D3-A070-2A44-C3DF16CD331D}.Debug|Any CPU.ActiveCfg = Debug|Any CPU
		{57404A5E-35D3-A070-2A44-C3DF16CD331D}.Debug|Any CPU.Build.0 = Debug|Any CPU
		{57404A5E-35D3-A070-2A44-C3DF16CD331D}.Debug|x64.ActiveCfg = Debug|Any CPU
		{57404A5E-35D3-A070-2A44-C3DF16CD331D}.Debug|x64.Build.0 = Debug|Any CPU
		{57404A5E-35D3-A070-2A44-C3DF16CD331D}.Debug|x86.ActiveCfg = Debug|Any CPU
		{57404A5E-35D3-A070-2A44-C3DF16CD331D}.Debug|x86.Build.0 = Debug|Any CPU
		{57404A5E-35D3-A070-2A44-C3DF16CD331D}.Release|Any CPU.ActiveCfg = Release|Any CPU
		{57404A5E-35D3-A070-2A44-C3DF16CD331D}.Release|Any CPU.Build.0 = Release|Any CPU
		{57404A5E-35D3-A070-2A44-C3DF16CD331D}.Release|x64.ActiveCfg = Release|Any CPU
		{57404A5E-35D3-A070-2A44-C3DF16CD331D}.Release|x64.Build.0 = Release|Any CPU
		{57404A5E-35D3-A070-2A44-C3DF16CD331D}.Release|x86.ActiveCfg = Release|Any CPU
		{57404A5E-35D3-A070-2A44-C3DF16CD331D}.Release|x86.Build.0 = Release|Any CPU
		{36FED576-51DD-3433-FB52-92A6B7D72A26}.Debug|Any CPU.ActiveCfg = Debug|Any CPU
		{36FED576-51DD-3433-FB52-92A6B7D72A26}.Debug|Any CPU.Build.0 = Debug|Any CPU
		{36FED576-51DD-3433-FB52-92A6B7D72A26}.Debug|x64.ActiveCfg = Debug|Any CPU
		{36FED576-51DD-3433-FB52-92A6B7D72A26}.Debug|x64.Build.0 = Debug|Any CPU
		{36FED576-51DD-3433-FB52-92A6B7D72A26}.Debug|x86.ActiveCfg = Debug|Any CPU
		{36FED576-51DD-3433-FB52-92A6B7D72A26}.Debug|x86.Build.0 = Debug|Any CPU
		{36FED576-51DD-3433-FB52-92A6B7D72A26}.Release|Any CPU.ActiveCfg = Release|Any CPU
		{36FED576-51DD-3433-FB52-92A6B7D72A26}.Release|Any CPU.Build.0 = Release|Any CPU
		{36FED576-51DD-3433-FB52-92A6B7D72A26}.Release|x64.ActiveCfg = Release|Any CPU
		{36FED576-51DD-3433-FB52-92A6B7D72A26}.Release|x64.Build.0 = Release|Any CPU
		{36FED576-51DD-3433-FB52-92A6B7D72A26}.Release|x86.ActiveCfg = Release|Any CPU
		{36FED576-51DD-3433-FB52-92A6B7D72A26}.Release|x86.Build.0 = Release|Any CPU
	EndGlobalSection
	GlobalSection(SolutionProperties) = preSolution
		HideSolutionNode = FALSE
	EndGlobalSection
	GlobalSection(NestedProjects) = preSolution
		{B0F6F5FE-5D5D-49C5-8E4B-C4EE355E67C8} = {FA2BA3C6-26EF-4931-BD25-02B5E7F08E46}
		{7574704C-3548-48F1-8959-33A8B48B808A} = {52A0A212-607B-441D-A8C3-B25FA1D299C8}
		{A2626DEC-1B63-4423-9E8C-260FF7CDA5B9} = {02EA681E-C7D8-13C7-8484-4AC65E1B71E8}
		{DB0D3C72-F421-3C7C-217B-5E4153CAE9F4} = {02EA681E-C7D8-13C7-8484-4AC65E1B71E8}
		{5EB8FE6F-CA6A-4ACD-1B4C-1420998E6A2A} = {02EA681E-C7D8-13C7-8484-4AC65E1B71E8}
		{5042E14D-02AA-4C6A-7F3E-2305154FA273} = {02EA681E-C7D8-13C7-8484-4AC65E1B71E8}
		{9E108B4C-658A-6FA9-0D44-D37C96BEA954} = {02EA681E-C7D8-13C7-8484-4AC65E1B71E8}
		{D97B1C23-467D-A6F8-5875-7541B4E1F619} = {02EA681E-C7D8-13C7-8484-4AC65E1B71E8}
		{FFCDE93B-B0CF-1C3A-95A6-EA42204A1A68} = {02EA681E-C7D8-13C7-8484-4AC65E1B71E8}
		{72EAE581-5922-CA1D-A4F4-14236AFFF06E} = {02EA681E-C7D8-13C7-8484-4AC65E1B71E8}
		{57404A5E-35D3-A070-2A44-C3DF16CD331D} = {02EA681E-C7D8-13C7-8484-4AC65E1B71E8}
		{36FED576-51DD-3433-FB52-92A6B7D72A26} = {A12B271A-290A-4EE0-8511-7627EC797F39}
	EndGlobalSection
	GlobalSection(ExtensibilityGlobals) = postSolution
		SolutionGuid = {A9A9B37B-2DEA-4590-BD73-7E5982FBFD67}
	EndGlobalSection
EndGlobal
